
Microsoft Visual Studio Solution File, Format Version 12.00
# Visual Studio Version 17
VisualStudioVersion = 17.9.34607.119
MinimumVisualStudioVersion = 10.0.40219.1
Project("{9A19103F-16F7-4668-BE54-9A1E7A4F7556}") = "Mscc.GenerativeAI", "src\Mscc.GenerativeAI.csproj", "{C87DC6AE-3F5E-4499-9070-D7B905AF27B8}"
EndProject
Project("{9A19103F-16F7-4668-BE54-9A1E7A4F7556}") = "Test.Mscc.GenerativeAI", "tests\Test.Mscc.GenerativeAI.csproj", "{0EE48658-C084-4F39-87EE-C2F852BA30F3}"
EndProject
Project("{2150E333-8FDC-42A3-9474-1A3956D46DE8}") = "Solution Items", "Solution Items", "{6A7772B3-4D83-4994-BFF0-E2AAA3EF6A66}"
	ProjectSection(SolutionItems) = preProject
		.editorconfig = .editorconfig
		.gitignore = .gitignore
		CODE_OF_CONDUCT.md = CODE_OF_CONDUCT.md
		LICENSE = LICENSE
		MsccGenerativeAi-icon-nuget.png = MsccGenerativeAi-icon-nuget.png
		README.md = README.md
	EndProjectSection
EndProject
Global
	GlobalSection(SolutionConfigurationPlatforms) = preSolution
		Debug|Any CPU = Debug|Any CPU
		Release|Any CPU = Release|Any CPU
	EndGlobalSection
	GlobalSection(ProjectConfigurationPlatforms) = postSolution
		{C87DC6AE-3F5E-4499-9070-D7B905AF27B8}.Debug|Any CPU.ActiveCfg = Debug|Any CPU
		{C87DC6AE-3F5E-4499-9070-D7B905AF27B8}.Debug|Any CPU.Build.0 = Debug|Any CPU
		{C87DC6AE-3F5E-4499-9070-D7B905AF27B8}.Release|Any CPU.ActiveCfg = Release|Any CPU
		{C87DC6AE-3F5E-4499-9070-D7B905AF27B8}.Release|Any CPU.Build.0 = Release|Any CPU
		{0EE48658-C084-4F39-87EE-C2F852BA30F3}.Debug|Any CPU.ActiveCfg = Debug|Any CPU
		{0EE48658-C084-4F39-87EE-C2F852BA30F3}.Debug|Any CPU.Build.0 = Debug|Any CPU
		{0EE48658-C084-4F39-87EE-C2F852BA30F3}.Release|Any CPU.ActiveCfg = Release|Any CPU
		{0EE48658-C084-4F39-87EE-C2F852BA30F3}.Release|Any CPU.Build.0 = Release|Any CPU
	EndGlobalSection
	GlobalSection(SolutionProperties) = preSolution
		HideSolutionNode = FALSE
	EndGlobalSection
	GlobalSection(ExtensibilityGlobals) = postSolution
		SolutionGuid = {FC6B0160-45B9-4A5F-97EB-6264A2029FED}
	EndGlobalSection
EndGlobal
