
Microsoft Visual Studio Solution File, Format Version 12.00
# Visual Studio Version 17
VisualStudioVersion = 17.5.2.0
MinimumVisualStudioVersion = 10.0.40219.1
Project("{9A19103F-16F7-4668-BE54-9A1E7A4F7556}") = "Console.Minimal.Prompt", "Console.Minimal.Prompt\Console.Minimal.Prompt.csproj", "{C215A856-B604-4B61-9932-812F9C69D883}"
EndProject
Project("{9A19103F-16F7-4668-BE54-9A1E7A4F7556}") = "Web.Minimal.Api", "Web.Minimal.Api\Web.Minimal.Api.csproj", "{396519B1-0691-423A-A66A-CCBE1B8749FB}"
EndProject
Project("{9A19103F-16F7-4668-BE54-9A1E7A4F7556}") = "Web.Mvc", "Web.Mvc\Web.Mvc.csproj", "{982DF347-465F-4310-929D-773347824333}"
EndProject
Project("{FAE04EC0-301F-11D3-BF4B-00C04F79EFBC}") = "SemanticKernel.Gemini", "SemanticKernel.Gemini\SemanticKernel.Gemini.csproj", "{3955FD4D-CBC8-4CF6-9BAB-31B02DADEEC0}"
EndProject
Project("{FAE04EC0-301F-11D3-BF4B-00C04F79EFBC}") = "Console.HikeBenefitsSummary", "Console.HikeBenefitsSummary\Console.HikeBenefitsSummary.csproj", "{51C1F508-F281-4631-A0A0-904D026414AC}"
EndProject
Project("{FAE04EC0-301F-11D3-BF4B-00C04F79EFBC}") = "Console.HikeChatter", "Console.HikeChatter\Console.HikeChatter.csproj", "{3CC1ED0A-D3CA-4A6D-97E5-C866D1A2B66F}"
EndProject
Project("{FAE04EC0-301F-11D3-BF4B-00C04F79EFBC}") = "Console.HikerAI", "Console.HikerAI\Console.HikerAI.csproj", "{EB19E607-4C4D-4B04-A2B3-DDD5A3833019}"
EndProject
Project("{FAE04EC0-301F-11D3-BF4B-00C04F79EFBC}") = "GeminiApiConsole", "GeminiApiConsole\GeminiApiConsole.csproj", "{EC6B67F6-37F0-418E-A3FE-B2E4FC65241F}"
EndProject
Project("{FAE04EC0-301F-11D3-BF4B-00C04F79EFBC}") = "Mscc.GenerativeAI.Microsoft", "..\src\Mscc.GenerativeAI.Microsoft\Mscc.GenerativeAI.Microsoft.csproj", "{4C59046E-DB37-4FDF-858E-8896F725343A}"
EndProject
Project("{FAE04EC0-301F-11D3-BF4B-00C04F79EFBC}") = "MicrosoftExtensions.Gemini", "MicrosoftExtensions.Gemini\MicrosoftExtensions.Gemini.csproj", "{D5EA3C55-64E4-45B8-AB92-DE3E3509BFB6}"
EndProject
Project("{FAE04EC0-301F-11D3-BF4B-00C04F79EFBC}") = "OpenAI.Gemini", "OpenAI.Gemini\OpenAI.Gemini.csproj", "{C4B8D682-E0A7-4BA7-A5A9-AC7EAB9284D7}"
EndProject
Project("{FAE04EC0-301F-11D3-BF4B-00C04F79EFBC}") = "Console.OpenTelemetry", "Console.OpenTelemetry\Console.OpenTelemetry.csproj", "{2676CFBA-DD55-4E93-B183-ABB4435788BB}"
EndProject
Project("{FAE04EC0-301F-11D3-BF4B-00C04F79EFBC}") = "issue74", "issue74\issue74.csproj", "{363F718A-22F7-46FA-9615-867E2D2CBE47}"
EndProject
Project("{FAE04EC0-301F-11D3-BF4B-00C04F79EFBC}") = "issue100", "issue100\issue100.csproj", "{85C29EA7-B245-437F-87F7-15AB94CCC510}"
EndProject
Project("{FAE04EC0-301F-11D3-BF4B-00C04F79EFBC}") = "Avalonia.TextSummarizer", "Avalonia.TextSummarizer\Avalonia.TextSummarizer.csproj", "{631CD1DD-C60A-4090-AF1C-C456E6D4F2A7}"
EndProject
Project("{FAE04EC0-301F-11D3-BF4B-00C04F79EFBC}") = "AvaloniaUI.TextSummarizer", "AvaloniaUI.TextSummarizer\AvaloniaUI.TextSummarizer.csproj", "{8AE2EA42-F405-486F-9A8E-F36A063F70C3}"
EndProject
Project("{FAE04EC0-301F-11D3-BF4B-00C04F79EFBC}") = "Console.UploadMedia", "Console.UploadMedia\Console.UploadMedia.csproj", "{3BF28027-ACFD-4CFA-B9A1-5CE10EAE8754}"
EndProject
Project("{FAE04EC0-301F-11D3-BF4B-00C04F79EFBC}") = "GeminiCodeConversion", "GeminiCodeConversion\GeminiCodeConversion.csproj", "{F2D3682D-176F-4703-BDA3-430E9C03B019}"
EndProject
Project("{FAE04EC0-301F-11D3-BF4B-00C04F79EFBC}") = "issue90", "issue90\issue90.csproj", "{EB7777FA-A1A4-4A39-8C8B-96CFCE6EB528}"
EndProject
Project("{FAE04EC0-301F-11D3-BF4B-00C04F79EFBC}") = "Console.Schema.XmlDoc", "Console.Schema.XmlDoc\Console.Schema.XmlDoc.csproj", "{44781E29-E10D-4B32-BF3F-7F3D6E1876A8}"
EndProject
Global
	GlobalSection(SolutionConfigurationPlatforms) = preSolution
		Debug|Any CPU = Debug|Any CPU
		Debug|x64 = Debug|x64
		Debug|x86 = Debug|x86
		Release|Any CPU = Release|Any CPU
		Release|x64 = Release|x64
		Release|x86 = Release|x86
	EndGlobalSection
	GlobalSection(ProjectConfigurationPlatforms) = postSolution
		{C215A856-B604-4B61-9932-812F9C69D883}.Debug|Any CPU.ActiveCfg = Debug|Any CPU
		{C215A856-B604-4B61-9932-812F9C69D883}.Debug|Any CPU.Build.0 = Debug|Any CPU
		{C215A856-B604-4B61-9932-812F9C69D883}.Debug|x64.ActiveCfg = Debug|Any CPU
		{C215A856-B604-4B61-9932-812F9C69D883}.Debug|x64.Build.0 = Debug|Any CPU
		{C215A856-B604-4B61-9932-812F9C69D883}.Debug|x86.ActiveCfg = Debug|Any CPU
		{C215A856-B604-4B61-9932-812F9C69D883}.Debug|x86.Build.0 = Debug|Any CPU
		{C215A856-B604-4B61-9932-812F9C69D883}.Release|Any CPU.ActiveCfg = Release|Any CPU
		{C215A856-B604-4B61-9932-812F9C69D883}.Release|Any CPU.Build.0 = Release|Any CPU
		{C215A856-B604-4B61-9932-812F9C69D883}.Release|x64.ActiveCfg = Release|Any CPU
		{C215A856-B604-4B61-9932-812F9C69D883}.Release|x64.Build.0 = Release|Any CPU
		{C215A856-B604-4B61-9932-812F9C69D883}.Release|x86.ActiveCfg = Release|Any CPU
		{C215A856-B604-4B61-9932-812F9C69D883}.Release|x86.Build.0 = Release|Any CPU
		{396519B1-0691-423A-A66A-CCBE1B8749FB}.Debug|Any CPU.ActiveCfg = Debug|Any CPU
		{396519B1-0691-423A-A66A-CCBE1B8749FB}.Debug|Any CPU.Build.0 = Debug|Any CPU
		{396519B1-0691-423A-A66A-CCBE1B8749FB}.Debug|x64.ActiveCfg = Debug|Any CPU
		{396519B1-0691-423A-A66A-CCBE1B8749FB}.Debug|x64.Build.0 = Debug|Any CPU
		{396519B1-0691-423A-A66A-CCBE1B8749FB}.Debug|x86.ActiveCfg = Debug|Any CPU
		{396519B1-0691-423A-A66A-CCBE1B8749FB}.Debug|x86.Build.0 = Debug|Any CPU
		{396519B1-0691-423A-A66A-CCBE1B8749FB}.Release|Any CPU.ActiveCfg = Release|Any CPU
		{396519B1-0691-423A-A66A-CCBE1B8749FB}.Release|Any CPU.Build.0 = Release|Any CPU
		{396519B1-0691-423A-A66A-CCBE1B8749FB}.Release|x64.ActiveCfg = Release|Any CPU
		{396519B1-0691-423A-A66A-CCBE1B8749FB}.Release|x64.Build.0 = Release|Any CPU
		{396519B1-0691-423A-A66A-CCBE1B8749FB}.Release|x86.ActiveCfg = Release|Any CPU
		{396519B1-0691-423A-A66A-CCBE1B8749FB}.Release|x86.Build.0 = Release|Any CPU
		{982DF347-465F-4310-929D-773347824333}.Debug|Any CPU.ActiveCfg = Debug|Any CPU
		{982DF347-465F-4310-929D-773347824333}.Debug|Any CPU.Build.0 = Debug|Any CPU
		{982DF347-465F-4310-929D-773347824333}.Debug|x64.ActiveCfg = Debug|Any CPU
		{982DF347-465F-4310-929D-773347824333}.Debug|x64.Build.0 = Debug|Any CPU
		{982DF347-465F-4310-929D-773347824333}.Debug|x86.ActiveCfg = Debug|Any CPU
		{982DF347-465F-4310-929D-773347824333}.Debug|x86.Build.0 = Debug|Any CPU
		{982DF347-465F-4310-929D-773347824333}.Release|Any CPU.ActiveCfg = Release|Any CPU
		{982DF347-465F-4310-929D-773347824333}.Release|Any CPU.Build.0 = Release|Any CPU
		{982DF347-465F-4310-929D-773347824333}.Release|x64.ActiveCfg = Release|Any CPU
		{982DF347-465F-4310-929D-773347824333}.Release|x64.Build.0 = Release|Any CPU
		{982DF347-465F-4310-929D-773347824333}.Release|x86.ActiveCfg = Release|Any CPU
		{982DF347-465F-4310-929D-773347824333}.Release|x86.Build.0 = Release|Any CPU
		{3955FD4D-CBC8-4CF6-9BAB-31B02DADEEC0}.Debug|Any CPU.ActiveCfg = Debug|Any CPU
		{3955FD4D-CBC8-4CF6-9BAB-31B02DADEEC0}.Debug|Any CPU.Build.0 = Debug|Any CPU
		{3955FD4D-CBC8-4CF6-9BAB-31B02DADEEC0}.Debug|x64.ActiveCfg = Debug|Any CPU
		{3955FD4D-CBC8-4CF6-9BAB-31B02DADEEC0}.Debug|x64.Build.0 = Debug|Any CPU
		{3955FD4D-CBC8-4CF6-9BAB-31B02DADEEC0}.Debug|x86.ActiveCfg = Debug|Any CPU
		{3955FD4D-CBC8-4CF6-9BAB-31B02DADEEC0}.Debug|x86.Build.0 = Debug|Any CPU
		{3955FD4D-CBC8-4CF6-9BAB-31B02DADEEC0}.Release|Any CPU.ActiveCfg = Release|Any CPU
		{3955FD4D-CBC8-4CF6-9BAB-31B02DADEEC0}.Release|Any CPU.Build.0 = Release|Any CPU
		{3955FD4D-CBC8-4CF6-9BAB-31B02DADEEC0}.Release|x64.ActiveCfg = Release|Any CPU
		{3955FD4D-CBC8-4CF6-9BAB-31B02DADEEC0}.Release|x64.Build.0 = Release|Any CPU
		{3955FD4D-CBC8-4CF6-9BAB-31B02DADEEC0}.Release|x86.ActiveCfg = Release|Any CPU
		{3955FD4D-CBC8-4CF6-9BAB-31B02DADEEC0}.Release|x86.Build.0 = Release|Any CPU
		{51C1F508-F281-4631-A0A0-904D026414AC}.Debug|Any CPU.ActiveCfg = Debug|Any CPU
		{51C1F508-F281-4631-A0A0-904D026414AC}.Debug|Any CPU.Build.0 = Debug|Any CPU
		{51C1F508-F281-4631-A0A0-904D026414AC}.Debug|x64.ActiveCfg = Debug|Any CPU
		{51C1F508-F281-4631-A0A0-904D026414AC}.Debug|x64.Build.0 = Debug|Any CPU
		{51C1F508-F281-4631-A0A0-904D026414AC}.Debug|x86.ActiveCfg = Debug|Any CPU
		{51C1F508-F281-4631-A0A0-904D026414AC}.Debug|x86.Build.0 = Debug|Any CPU
		{51C1F508-F281-4631-A0A0-904D026414AC}.Release|Any CPU.ActiveCfg = Release|Any CPU
		{51C1F508-F281-4631-A0A0-904D026414AC}.Release|Any CPU.Build.0 = Release|Any CPU
		{51C1F508-F281-4631-A0A0-904D026414AC}.Release|x64.ActiveCfg = Release|Any CPU
		{51C1F508-F281-4631-A0A0-904D026414AC}.Release|x64.Build.0 = Release|Any CPU
		{51C1F508-F281-4631-A0A0-904D026414AC}.Release|x86.ActiveCfg = Release|Any CPU
		{51C1F508-F281-4631-A0A0-904D026414AC}.Release|x86.Build.0 = Release|Any CPU
		{3CC1ED0A-D3CA-4A6D-97E5-C866D1A2B66F}.Debug|Any CPU.ActiveCfg = Debug|Any CPU
		{3CC1ED0A-D3CA-4A6D-97E5-C866D1A2B66F}.Debug|Any CPU.Build.0 = Debug|Any CPU
		{3CC1ED0A-D3CA-4A6D-97E5-C866D1A2B66F}.Debug|x64.ActiveCfg = Debug|Any CPU
		{3CC1ED0A-D3CA-4A6D-97E5-C866D1A2B66F}.Debug|x64.Build.0 = Debug|Any CPU
		{3CC1ED0A-D3CA-4A6D-97E5-C866D1A2B66F}.Debug|x86.ActiveCfg = Debug|Any CPU
		{3CC1ED0A-D3CA-4A6D-97E5-C866D1A2B66F}.Debug|x86.Build.0 = Debug|Any CPU
		{3CC1ED0A-D3CA-4A6D-97E5-C866D1A2B66F}.Release|Any CPU.ActiveCfg = Release|Any CPU
		{3CC1ED0A-D3CA-4A6D-97E5-C866D1A2B66F}.Release|Any CPU.Build.0 = Release|Any CPU
		{3CC1ED0A-D3CA-4A6D-97E5-C866D1A2B66F}.Release|x64.ActiveCfg = Release|Any CPU
		{3CC1ED0A-D3CA-4A6D-97E5-C866D1A2B66F}.Release|x64.Build.0 = Release|Any CPU
		{3CC1ED0A-D3CA-4A6D-97E5-C866D1A2B66F}.Release|x86.ActiveCfg = Release|Any CPU
		{3CC1ED0A-D3CA-4A6D-97E5-C866D1A2B66F}.Release|x86.Build.0 = Release|Any CPU
		{EB19E607-4C4D-4B04-A2B3-DDD5A3833019}.Debug|Any CPU.ActiveCfg = Debug|Any CPU
		{EB19E607-4C4D-4B04-A2B3-DDD5A3833019}.Debug|Any CPU.Build.0 = Debug|Any CPU
		{EB19E607-4C4D-4B04-A2B3-DDD5A3833019}.Debug|x64.ActiveCfg = Debug|Any CPU
		{EB19E607-4C4D-4B04-A2B3-DDD5A3833019}.Debug|x64.Build.0 = Debug|Any CPU
		{EB19E607-4C4D-4B04-A2B3-DDD5A3833019}.Debug|x86.ActiveCfg = Debug|Any CPU
		{EB19E607-4C4D-4B04-A2B3-DDD5A3833019}.Debug|x86.Build.0 = Debug|Any CPU
		{EB19E607-4C4D-4B04-A2B3-DDD5A3833019}.Release|Any CPU.ActiveCfg = Release|Any CPU
		{EB19E607-4C4D-4B04-A2B3-DDD5A3833019}.Release|Any CPU.Build.0 = Release|Any CPU
		{EB19E607-4C4D-4B04-A2B3-DDD5A3833019}.Release|x64.ActiveCfg = Release|Any CPU
		{EB19E607-4C4D-4B04-A2B3-DDD5A3833019}.Release|x64.Build.0 = Release|Any CPU
		{EB19E607-4C4D-4B04-A2B3-DDD5A3833019}.Release|x86.ActiveCfg = Release|Any CPU
		{EB19E607-4C4D-4B04-A2B3-DDD5A3833019}.Release|x86.Build.0 = Release|Any CPU
		{EC6B67F6-37F0-418E-A3FE-B2E4FC65241F}.Debug|Any CPU.ActiveCfg = Debug|Any CPU
		{EC6B67F6-37F0-418E-A3FE-B2E4FC65241F}.Debug|Any CPU.Build.0 = Debug|Any CPU
		{EC6B67F6-37F0-418E-A3FE-B2E4FC65241F}.Debug|x64.ActiveCfg = Debug|Any CPU
		{EC6B67F6-37F0-418E-A3FE-B2E4FC65241F}.Debug|x64.Build.0 = Debug|Any CPU
		{EC6B67F6-37F0-418E-A3FE-B2E4FC65241F}.Debug|x86.ActiveCfg = Debug|Any CPU
		{EC6B67F6-37F0-418E-A3FE-B2E4FC65241F}.Debug|x86.Build.0 = Debug|Any CPU
		{EC6B67F6-37F0-418E-A3FE-B2E4FC65241F}.Release|Any CPU.ActiveCfg = Release|Any CPU
		{EC6B67F6-37F0-418E-A3FE-B2E4FC65241F}.Release|Any CPU.Build.0 = Release|Any CPU
		{EC6B67F6-37F0-418E-A3FE-B2E4FC65241F}.Release|x64.ActiveCfg = Release|Any CPU
		{EC6B67F6-37F0-418E-A3FE-B2E4FC65241F}.Release|x64.Build.0 = Release|Any CPU
		{EC6B67F6-37F0-418E-A3FE-B2E4FC65241F}.Release|x86.ActiveCfg = Release|Any CPU
		{EC6B67F6-37F0-418E-A3FE-B2E4FC65241F}.Release|x86.Build.0 = Release|Any CPU
		{4C59046E-DB37-4FDF-858E-8896F725343A}.Debug|Any CPU.ActiveCfg = Debug|Any CPU
		{4C59046E-DB37-4FDF-858E-8896F725343A}.Debug|Any CPU.Build.0 = Debug|Any CPU
		{4C59046E-DB37-4FDF-858E-8896F725343A}.Debug|x64.ActiveCfg = Debug|Any CPU
		{4C59046E-DB37-4FDF-858E-8896F725343A}.Debug|x64.Build.0 = Debug|Any CPU
		{4C59046E-DB37-4FDF-858E-8896F725343A}.Debug|x86.ActiveCfg = Debug|Any CPU
		{4C59046E-DB37-4FDF-858E-8896F725343A}.Debug|x86.Build.0 = Debug|Any CPU
		{4C59046E-DB37-4FDF-858E-8896F725343A}.Release|Any CPU.ActiveCfg = Release|Any CPU
		{4C59046E-DB37-4FDF-858E-8896F725343A}.Release|Any CPU.Build.0 = Release|Any CPU
		{4C59046E-DB37-4FDF-858E-8896F725343A}.Release|x64.ActiveCfg = Release|Any CPU
		{4C59046E-DB37-4FDF-858E-8896F725343A}.Release|x64.Build.0 = Release|Any CPU
		{4C59046E-DB37-4FDF-858E-8896F725343A}.Release|x86.ActiveCfg = Release|Any CPU
		{4C59046E-DB37-4FDF-858E-8896F725343A}.Release|x86.Build.0 = Release|Any CPU
		{D5EA3C55-64E4-45B8-AB92-DE3E3509BFB6}.Debug|Any CPU.ActiveCfg = Debug|Any CPU
		{D5EA3C55-64E4-45B8-AB92-DE3E3509BFB6}.Debug|Any CPU.Build.0 = Debug|Any CPU
		{D5EA3C55-64E4-45B8-AB92-DE3E3509BFB6}.Debug|x64.ActiveCfg = Debug|Any CPU
		{D5EA3C55-64E4-45B8-AB92-DE3E3509BFB6}.Debug|x64.Build.0 = Debug|Any CPU
		{D5EA3C55-64E4-45B8-AB92-DE3E3509BFB6}.Debug|x86.ActiveCfg = Debug|Any CPU
		{D5EA3C55-64E4-45B8-AB92-DE3E3509BFB6}.Debug|x86.Build.0 = Debug|Any CPU
		{D5EA3C55-64E4-45B8-AB92-DE3E3509BFB6}.Release|Any CPU.ActiveCfg = Release|Any CPU
		{D5EA3C55-64E4-45B8-AB92-DE3E3509BFB6}.Release|Any CPU.Build.0 = Release|Any CPU
		{D5EA3C55-64E4-45B8-AB92-DE3E3509BFB6}.Release|x64.ActiveCfg = Release|Any CPU
		{D5EA3C55-64E4-45B8-AB92-DE3E3509BFB6}.Release|x64.Build.0 = Release|Any CPU
		{D5EA3C55-64E4-45B8-AB92-DE3E3509BFB6}.Release|x86.ActiveCfg = Release|Any CPU
		{D5EA3C55-64E4-45B8-AB92-DE3E3509BFB6}.Release|x86.Build.0 = Release|Any CPU
		{C4B8D682-E0A7-4BA7-A5A9-AC7EAB9284D7}.Debug|Any CPU.ActiveCfg = Debug|Any CPU
		{C4B8D682-E0A7-4BA7-A5A9-AC7EAB9284D7}.Debug|Any CPU.Build.0 = Debug|Any CPU
		{C4B8D682-E0A7-4BA7-A5A9-AC7EAB9284D7}.Debug|x64.ActiveCfg = Debug|Any CPU
		{C4B8D682-E0A7-4BA7-A5A9-AC7EAB9284D7}.Debug|x64.Build.0 = Debug|Any CPU
		{C4B8D682-E0A7-4BA7-A5A9-AC7EAB9284D7}.Debug|x86.ActiveCfg = Debug|Any CPU
		{C4B8D682-E0A7-4BA7-A5A9-AC7EAB9284D7}.Debug|x86.Build.0 = Debug|Any CPU
		{C4B8D682-E0A7-4BA7-A5A9-AC7EAB9284D7}.Release|Any CPU.ActiveCfg = Release|Any CPU
		{C4B8D682-E0A7-4BA7-A5A9-AC7EAB9284D7}.Release|Any CPU.Build.0 = Release|Any CPU
		{C4B8D682-E0A7-4BA7-A5A9-AC7EAB9284D7}.Release|x64.ActiveCfg = Release|Any CPU
		{C4B8D682-E0A7-4BA7-A5A9-AC7EAB9284D7}.Release|x64.Build.0 = Release|Any CPU
		{C4B8D682-E0A7-4BA7-A5A9-AC7EAB9284D7}.Release|x86.ActiveCfg = Release|Any CPU
		{C4B8D682-E0A7-4BA7-A5A9-AC7EAB9284D7}.Release|x86.Build.0 = Release|Any CPU
		{2676CFBA-DD55-4E93-B183-ABB4435788BB}.Debug|Any CPU.ActiveCfg = Debug|Any CPU
		{2676CFBA-DD55-4E93-B183-ABB4435788BB}.Debug|Any CPU.Build.0 = Debug|Any CPU
		{2676CFBA-DD55-4E93-B183-ABB4435788BB}.Debug|x64.ActiveCfg = Debug|Any CPU
		{2676CFBA-DD55-4E93-B183-ABB4435788BB}.Debug|x64.Build.0 = Debug|Any CPU
		{2676CFBA-DD55-4E93-B183-ABB4435788BB}.Debug|x86.ActiveCfg = Debug|Any CPU
		{2676CFBA-DD55-4E93-B183-ABB4435788BB}.Debug|x86.Build.0 = Debug|Any CPU
		{2676CFBA-DD55-4E93-B183-ABB4435788BB}.Release|Any CPU.ActiveCfg = Release|Any CPU
		{2676CFBA-DD55-4E93-B183-ABB4435788BB}.Release|Any CPU.Build.0 = Release|Any CPU
		{2676CFBA-DD55-4E93-B183-ABB4435788BB}.Release|x64.ActiveCfg = Release|Any CPU
		{2676CFBA-DD55-4E93-B183-ABB4435788BB}.Release|x64.Build.0 = Release|Any CPU
		{2676CFBA-DD55-4E93-B183-ABB4435788BB}.Release|x86.ActiveCfg = Release|Any CPU
		{2676CFBA-DD55-4E93-B183-ABB4435788BB}.Release|x86.Build.0 = Release|Any CPU
		{363F718A-22F7-46FA-9615-867E2D2CBE47}.Debug|Any CPU.ActiveCfg = Debug|Any CPU
		{363F718A-22F7-46FA-9615-867E2D2CBE47}.Debug|Any CPU.Build.0 = Debug|Any CPU
		{363F718A-22F7-46FA-9615-867E2D2CBE47}.Debug|x64.ActiveCfg = Debug|Any CPU
		{363F718A-22F7-46FA-9615-867E2D2CBE47}.Debug|x64.Build.0 = Debug|Any CPU
		{363F718A-22F7-46FA-9615-867E2D2CBE47}.Debug|x86.ActiveCfg = Debug|Any CPU
		{363F718A-22F7-46FA-9615-867E2D2CBE47}.Debug|x86.Build.0 = Debug|Any CPU
		{363F718A-22F7-46FA-9615-867E2D2CBE47}.Release|Any CPU.ActiveCfg = Release|Any CPU
		{363F718A-22F7-46FA-9615-867E2D2CBE47}.Release|Any CPU.Build.0 = Release|Any CPU
		{363F718A-22F7-46FA-9615-867E2D2CBE47}.Release|x64.ActiveCfg = Release|Any CPU
		{363F718A-22F7-46FA-9615-867E2D2CBE47}.Release|x64.Build.0 = Release|Any CPU
		{363F718A-22F7-46FA-9615-867E2D2CBE47}.Release|x86.ActiveCfg = Release|Any CPU
		{363F718A-22F7-46FA-9615-867E2D2CBE47}.Release|x86.Build.0 = Release|Any CPU
		{85C29EA7-B245-437F-87F7-15AB94CCC510}.Debug|Any CPU.ActiveCfg = Debug|Any CPU
		{85C29EA7-B245-437F-87F7-15AB94CCC510}.Debug|Any CPU.Build.0 = Debug|Any CPU
		{85C29EA7-B245-437F-87F7-15AB94CCC510}.Debug|x64.ActiveCfg = Debug|Any CPU
		{85C29EA7-B245-437F-87F7-15AB94CCC510}.Debug|x64.Build.0 = Debug|Any CPU
		{85C29EA7-B245-437F-87F7-15AB94CCC510}.Debug|x86.ActiveCfg = Debug|Any CPU
		{85C29EA7-B245-437F-87F7-15AB94CCC510}.Debug|x86.Build.0 = Debug|Any CPU
		{85C29EA7-B245-437F-87F7-15AB94CCC510}.Release|Any CPU.ActiveCfg = Release|Any CPU
		{85C29EA7-B245-437F-87F7-15AB94CCC510}.Release|Any CPU.Build.0 = Release|Any CPU
		{85C29EA7-B245-437F-87F7-15AB94CCC510}.Release|x64.ActiveCfg = Release|Any CPU
		{85C29EA7-B245-437F-87F7-15AB94CCC510}.Release|x64.Build.0 = Release|Any CPU
		{85C29EA7-B245-437F-87F7-15AB94CCC510}.Release|x86.ActiveCfg = Release|Any CPU
		{85C29EA7-B245-437F-87F7-15AB94CCC510}.Release|x86.Build.0 = Release|Any CPU
		{631CD1DD-C60A-4090-AF1C-C456E6D4F2A7}.Debug|Any CPU.ActiveCfg = Debug|Any CPU
		{631CD1DD-C60A-4090-AF1C-C456E6D4F2A7}.Debug|Any CPU.Build.0 = Debug|Any CPU
		{631CD1DD-C60A-4090-AF1C-C456E6D4F2A7}.Debug|x64.ActiveCfg = Debug|Any CPU
		{631CD1DD-C60A-4090-AF1C-C456E6D4F2A7}.Debug|x64.Build.0 = Debug|Any CPU
		{631CD1DD-C60A-4090-AF1C-C456E6D4F2A7}.Debug|x86.ActiveCfg = Debug|Any CPU
		{631CD1DD-C60A-4090-AF1C-C456E6D4F2A7}.Debug|x86.Build.0 = Debug|Any CPU
		{631CD1DD-C60A-4090-AF1C-C456E6D4F2A7}.Release|Any CPU.ActiveCfg = Release|Any CPU
		{631CD1DD-C60A-4090-AF1C-C456E6D4F2A7}.Release|Any CPU.Build.0 = Release|Any CPU
		{631CD1DD-C60A-4090-AF1C-C456E6D4F2A7}.Release|x64.ActiveCfg = Release|Any CPU
		{631CD1DD-C60A-4090-AF1C-C456E6D4F2A7}.Release|x64.Build.0 = Release|Any CPU
		{631CD1DD-C60A-4090-AF1C-C456E6D4F2A7}.Release|x86.ActiveCfg = Release|Any CPU
		{631CD1DD-C60A-4090-AF1C-C456E6D4F2A7}.Release|x86.Build.0 = Release|Any CPU
		{8AE2EA42-F405-486F-9A8E-F36A063F70C3}.Debug|Any CPU.ActiveCfg = Debug|Any CPU
		{8AE2EA42-F405-486F-9A8E-F36A063F70C3}.Debug|Any CPU.Build.0 = Debug|Any CPU
		{8AE2EA42-F405-486F-9A8E-F36A063F70C3}.Debug|x64.ActiveCfg = Debug|Any CPU
		{8AE2EA42-F405-486F-9A8E-F36A063F70C3}.Debug|x64.Build.0 = Debug|Any CPU
		{8AE2EA42-F405-486F-9A8E-F36A063F70C3}.Debug|x86.ActiveCfg = Debug|Any CPU
		{8AE2EA42-F405-486F-9A8E-F36A063F70C3}.Debug|x86.Build.0 = Debug|Any CPU
		{8AE2EA42-F405-486F-9A8E-F36A063F70C3}.Release|Any CPU.ActiveCfg = Release|Any CPU
		{8AE2EA42-F405-486F-9A8E-F36A063F70C3}.Release|Any CPU.Build.0 = Release|Any CPU
		{8AE2EA42-F405-486F-9A8E-F36A063F70C3}.Release|x64.ActiveCfg = Release|Any CPU
		{8AE2EA42-F405-486F-9A8E-F36A063F70C3}.Release|x64.Build.0 = Release|Any CPU
		{8AE2EA42-F405-486F-9A8E-F36A063F70C3}.Release|x86.ActiveCfg = Release|Any CPU
		{8AE2EA42-F405-486F-9A8E-F36A063F70C3}.Release|x86.Build.0 = Release|Any CPU
		{3BF28027-ACFD-4CFA-B9A1-5CE10EAE8754}.Debug|Any CPU.ActiveCfg = Debug|Any CPU
		{3BF28027-ACFD-4CFA-B9A1-5CE10EAE8754}.Debug|Any CPU.Build.0 = Debug|Any CPU
		{3BF28027-ACFD-4CFA-B9A1-5CE10EAE8754}.Debug|x64.ActiveCfg = Debug|Any CPU
		{3BF28027-ACFD-4CFA-B9A1-5CE10EAE8754}.Debug|x64.Build.0 = Debug|Any CPU
		{3BF28027-ACFD-4CFA-B9A1-5CE10EAE8754}.Debug|x86.ActiveCfg = Debug|Any CPU
		{3BF28027-ACFD-4CFA-B9A1-5CE10EAE8754}.Debug|x86.Build.0 = Debug|Any CPU
		{3BF28027-ACFD-4CFA-B9A1-5CE10EAE8754}.Release|Any CPU.ActiveCfg = Release|Any CPU
		{3BF28027-ACFD-4CFA-B9A1-5CE10EAE8754}.Release|Any CPU.Build.0 = Release|Any CPU
		{3BF28027-ACFD-4CFA-B9A1-5CE10EAE8754}.Release|x64.ActiveCfg = Release|Any CPU
		{3BF28027-ACFD-4CFA-B9A1-5CE10EAE8754}.Release|x64.Build.0 = Release|Any CPU
		{3BF28027-ACFD-4CFA-B9A1-5CE10EAE8754}.Release|x86.ActiveCfg = Release|Any CPU
		{3BF28027-ACFD-4CFA-B9A1-5CE10EAE8754}.Release|x86.Build.0 = Release|Any CPU
		{F2D3682D-176F-4703-BDA3-430E9C03B019}.Debug|Any CPU.ActiveCfg = Debug|Any CPU
		{F2D3682D-176F-4703-BDA3-430E9C03B019}.Debug|Any CPU.Build.0 = Debug|Any CPU
		{F2D3682D-176F-4703-BDA3-430E9C03B019}.Debug|x64.ActiveCfg = Debug|Any CPU
		{F2D3682D-176F-4703-BDA3-430E9C03B019}.Debug|x64.Build.0 = Debug|Any CPU
		{F2D3682D-176F-4703-BDA3-430E9C03B019}.Debug|x86.ActiveCfg = Debug|Any CPU
		{F2D3682D-176F-4703-BDA3-430E9C03B019}.Debug|x86.Build.0 = Debug|Any CPU
		{F2D3682D-176F-4703-BDA3-430E9C03B019}.Release|Any CPU.ActiveCfg = Release|Any CPU
		{F2D3682D-176F-4703-BDA3-430E9C03B019}.Release|Any CPU.Build.0 = Release|Any CPU
		{F2D3682D-176F-4703-BDA3-430E9C03B019}.Release|x64.ActiveCfg = Release|Any CPU
		{F2D3682D-176F-4703-BDA3-430E9C03B019}.Release|x64.Build.0 = Release|Any CPU
		{F2D3682D-176F-4703-BDA3-430E9C03B019}.Release|x86.ActiveCfg = Release|Any CPU
		{F2D3682D-176F-4703-BDA3-430E9C03B019}.Release|x86.Build.0 = Release|Any CPU
		{EB7777FA-A1A4-4A39-8C8B-96CFCE6EB528}.Debug|Any CPU.ActiveCfg = Debug|Any CPU
		{EB7777FA-A1A4-4A39-8C8B-96CFCE6EB528}.Debug|Any CPU.Build.0 = Debug|Any CPU
		{EB7777FA-A1A4-4A39-8C8B-96CFCE6EB528}.Debug|x64.ActiveCfg = Debug|Any CPU
		{EB7777FA-A1A4-4A39-8C8B-96CFCE6EB528}.Debug|x64.Build.0 = Debug|Any CPU
		{EB7777FA-A1A4-4A39-8C8B-96CFCE6EB528}.Debug|x86.ActiveCfg = Debug|Any CPU
		{EB7777FA-A1A4-4A39-8C8B-96CFCE6EB528}.Debug|x86.Build.0 = Debug|Any CPU
		{EB7777FA-A1A4-4A39-8C8B-96CFCE6EB528}.Release|Any CPU.ActiveCfg = Release|Any CPU
		{EB7777FA-A1A4-4A39-8C8B-96CFCE6EB528}.Release|Any CPU.Build.0 = Release|Any CPU
		{EB7777FA-A1A4-4A39-8C8B-96CFCE6EB528}.Release|x64.ActiveCfg = Release|Any CPU
		{EB7777FA-A1A4-4A39-8C8B-96CFCE6EB528}.Release|x64.Build.0 = Release|Any CPU
		{EB7777FA-A1A4-4A39-8C8B-96CFCE6EB528}.Release|x86.ActiveCfg = Release|Any CPU
		{EB7777FA-A1A4-4A39-8C8B-96CFCE6EB528}.Release|x86.Build.0 = Release|Any CPU
		{44781E29-E10D-4B32-BF3F-7F3D6E1876A8}.Debug|Any CPU.ActiveCfg = Debug|Any CPU
		{44781E29-E10D-4B32-BF3F-7F3D6E1876A8}.Debug|Any CPU.Build.0 = Debug|Any CPU
		{44781E29-E10D-4B32-BF3F-7F3D6E1876A8}.Debug|x64.ActiveCfg = Debug|Any CPU
		{44781E29-E10D-4B32-BF3F-7F3D6E1876A8}.Debug|x64.Build.0 = Debug|Any CPU
		{44781E29-E10D-4B32-BF3F-7F3D6E1876A8}.Debug|x86.ActiveCfg = Debug|Any CPU
		{44781E29-E10D-4B32-BF3F-7F3D6E1876A8}.Debug|x86.Build.0 = Debug|Any CPU
		{44781E29-E10D-4B32-BF3F-7F3D6E1876A8}.Release|Any CPU.ActiveCfg = Release|Any CPU
		{44781E29-E10D-4B32-BF3F-7F3D6E1876A8}.Release|Any CPU.Build.0 = Release|Any CPU
		{44781E29-E10D-4B32-BF3F-7F3D6E1876A8}.Release|x64.ActiveCfg = Release|Any CPU
		{44781E29-E10D-4B32-BF3F-7F3D6E1876A8}.Release|x64.Build.0 = Release|Any CPU
		{44781E29-E10D-4B32-BF3F-7F3D6E1876A8}.Release|x86.ActiveCfg = Release|Any CPU
		{44781E29-E10D-4B32-BF3F-7F3D6E1876A8}.Release|x86.Build.0 = Release|Any CPU
	EndGlobalSection
	GlobalSection(SolutionProperties) = preSolution
		HideSolutionNode = FALSE
	EndGlobalSection
	GlobalSection(ExtensibilityGlobals) = postSolution
		SolutionGuid = {9BCF76D7-A896-4E2E-83CA-055224D46540}
	EndGlobalSection
EndGlobal
