
Microsoft Visual Studio Solution File, Format Version 12.00
# Visual Studio Version 17
VisualStudioVersion = 17.5.002.0
MinimumVisualStudioVersion = 10.0.40219.1
Project("{9A19103F-16F7-4668-BE54-9A1E7A4F7556}") = "Console.Minimal.Prompt", "Console.Minimal.Prompt\Console.Minimal.Prompt.csproj", "{C215A856-B604-4B61-9932-812F9C69D883}"
EndProject
Project("{9A19103F-16F7-4668-BE54-9A1E7A4F7556}") = "Ignore.Playground", "Ignore.Playground\Ignore.Playground.csproj", "{FF957F0E-E93C-4398-8AC8-6DFA0528D6FB}"
EndProject
Project("{9A19103F-16F7-4668-BE54-9A1E7A4F7556}") = "Web.Minimal.Api", "Web.Minimal.Api\Web.Minimal.Api.csproj", "{396519B1-0691-423A-A66A-CCBE1B8749FB}"
EndProject
Project("{9A19103F-16F7-4668-BE54-9A1E7A4F7556}") = "Web.Mvc", "Web.Mvc\Web.Mvc.csproj", "{982DF347-465F-4310-929D-773347824333}"
EndProject
Project("{FAE04EC0-301F-11D3-BF4B-00C04F79EFBC}") = "SemanticKernel.Gemini", "SemanticKernel.Gemini\SemanticKernel.Gemini.csproj", "{3955FD4D-CBC8-4CF6-9BAB-31B02DADEEC0}"
EndProject
Global
	GlobalSection(SolutionConfigurationPlatforms) = preSolution
		Debug|Any CPU = Debug|Any CPU
		Release|Any CPU = Release|Any CPU
	EndGlobalSection
	GlobalSection(ProjectConfigurationPlatforms) = postSolution
		{C215A856-B604-4B61-9932-812F9C69D883}.Debug|Any CPU.ActiveCfg = Debug|Any CPU
		{C215A856-B604-4B61-9932-812F9C69D883}.Debug|Any CPU.Build.0 = Debug|Any CPU
		{C215A856-B604-4B61-9932-812F9C69D883}.Release|Any CPU.ActiveCfg = Release|Any CPU
		{C215A856-B604-4B61-9932-812F9C69D883}.Release|Any CPU.Build.0 = Release|Any CPU
		{FF957F0E-E93C-4398-8AC8-6DFA0528D6FB}.Debug|Any CPU.ActiveCfg = Debug|Any CPU
		{FF957F0E-E93C-4398-8AC8-6DFA0528D6FB}.Debug|Any CPU.Build.0 = Debug|Any CPU
		{FF957F0E-E93C-4398-8AC8-6DFA0528D6FB}.Release|Any CPU.ActiveCfg = Release|Any CPU
		{FF957F0E-E93C-4398-8AC8-6DFA0528D6FB}.Release|Any CPU.Build.0 = Release|Any CPU
		{396519B1-0691-423A-A66A-CCBE1B8749FB}.Debug|Any CPU.ActiveCfg = Debug|Any CPU
		{396519B1-0691-423A-A66A-CCBE1B8749FB}.Debug|Any CPU.Build.0 = Debug|Any CPU
		{396519B1-0691-423A-A66A-CCBE1B8749FB}.Release|Any CPU.ActiveCfg = Release|Any CPU
		{396519B1-0691-423A-A66A-CCBE1B8749FB}.Release|Any CPU.Build.0 = Release|Any CPU
		{982DF347-465F-4310-929D-773347824333}.Debug|Any CPU.ActiveCfg = Debug|Any CPU
		{982DF347-465F-4310-929D-773347824333}.Debug|Any CPU.Build.0 = Debug|Any CPU
		{982DF347-465F-4310-929D-773347824333}.Release|Any CPU.ActiveCfg = Release|Any CPU
		{982DF347-465F-4310-929D-773347824333}.Release|Any CPU.Build.0 = Release|Any CPU
		{3955FD4D-CBC8-4CF6-9BAB-31B02DADEEC0}.Debug|Any CPU.ActiveCfg = Debug|Any CPU
		{3955FD4D-CBC8-4CF6-9BAB-31B02DADEEC0}.Debug|Any CPU.Build.0 = Debug|Any CPU
		{3955FD4D-CBC8-4CF6-9BAB-31B02DADEEC0}.Release|Any CPU.ActiveCfg = Release|Any CPU
		{3955FD4D-CBC8-4CF6-9BAB-31B02DADEEC0}.Release|Any CPU.Build.0 = Release|Any CPU
	EndGlobalSection
	GlobalSection(SolutionProperties) = preSolution
		HideSolutionNode = FALSE
	EndGlobalSection
	GlobalSection(ExtensibilityGlobals) = postSolution
		SolutionGuid = {9BCF76D7-A896-4E2E-83CA-055224D46540}
	EndGlobalSection
EndGlobal
